
Microsoft Visual Studio Solution File, Format Version 12.00
# Visual Studio Version 16
VisualStudioVersion = 16.0.30907.101
MinimumVisualStudioVersion = 10.0.40219.1
Project("{2150E333-8FDC-42A3-9474-1A3956D46DE8}") = "Solution Items", "Solution Items", "{1E4018BD-380A-42E4-9C2E-C665C36DEA2C}"
	ProjectSection(SolutionItems) = preProject
		.gitattributes = .gitattributes
		.gitignore = .gitignore
		LICENSE.md = LICENSE.md
		README.md = README.md
	EndProjectSection
EndProject
Project("{9A19103F-16F7-4668-BE54-9A1E7A4F7556}") = "Day01", "Day01\Day01.csproj", "{D82B0BB8-0330-455F-AF32-E8A4552BA407}"
EndProject
Project("{9A19103F-16F7-4668-BE54-9A1E7A4F7556}") = "Day02", "Day02\Day02.csproj", "{A2CC090D-4D26-41D4-847C-956197E7C564}"
EndProject
Project("{9A19103F-16F7-4668-BE54-9A1E7A4F7556}") = "Day03", "Day03\Day03.csproj", "{F3244825-4679-479B-9A30-F979919FE99D}"
EndProject
Project("{9A19103F-16F7-4668-BE54-9A1E7A4F7556}") = "Day04", "Day04\Day04.csproj", "{EFEABFB8-0E2F-452F-883E-E9BACD8C0616}"
EndProject
Project("{9A19103F-16F7-4668-BE54-9A1E7A4F7556}") = "Day05", "Day05\Day05.csproj", "{52E07A20-1A60-49F4-A38E-100BC43B31C1}"
EndProject
Project("{9A19103F-16F7-4668-BE54-9A1E7A4F7556}") = "Day06", "Day06\Day06.csproj", "{9DB6ADD4-6AAC-47D8-A7B6-BA64743C9019}"
EndProject
Project("{9A19103F-16F7-4668-BE54-9A1E7A4F7556}") = "Day07", "Day07\Day07.csproj", "{06435262-4218-42E9-8C17-99D1464B864E}"
EndProject
Project("{FAE04EC0-301F-11D3-BF4B-00C04F79EFBC}") = "Day08", "Day08\Day08.csproj", "{4BAEBFF7-F9A6-48BF-945B-367906FAB165}"
EndProject
Global
	GlobalSection(SolutionConfigurationPlatforms) = preSolution
		Debug|Any CPU = Debug|Any CPU
		Release|Any CPU = Release|Any CPU
	EndGlobalSection
	GlobalSection(ProjectConfigurationPlatforms) = postSolution
		{D82B0BB8-0330-455F-AF32-E8A4552BA407}.Debug|Any CPU.ActiveCfg = Debug|Any CPU
		{D82B0BB8-0330-455F-AF32-E8A4552BA407}.Debug|Any CPU.Build.0 = Debug|Any CPU
		{D82B0BB8-0330-455F-AF32-E8A4552BA407}.Release|Any CPU.ActiveCfg = Release|Any CPU
		{D82B0BB8-0330-455F-AF32-E8A4552BA407}.Release|Any CPU.Build.0 = Release|Any CPU
		{A2CC090D-4D26-41D4-847C-956197E7C564}.Debug|Any CPU.ActiveCfg = Debug|Any CPU
		{A2CC090D-4D26-41D4-847C-956197E7C564}.Debug|Any CPU.Build.0 = Debug|Any CPU
		{A2CC090D-4D26-41D4-847C-956197E7C564}.Release|Any CPU.ActiveCfg = Release|Any CPU
		{A2CC090D-4D26-41D4-847C-956197E7C564}.Release|Any CPU.Build.0 = Release|Any CPU
		{F3244825-4679-479B-9A30-F979919FE99D}.Debug|Any CPU.ActiveCfg = Debug|Any CPU
		{F3244825-4679-479B-9A30-F979919FE99D}.Debug|Any CPU.Build.0 = Debug|Any CPU
		{F3244825-4679-479B-9A30-F979919FE99D}.Release|Any CPU.ActiveCfg = Release|Any CPU
		{F3244825-4679-479B-9A30-F979919FE99D}.Release|Any CPU.Build.0 = Release|Any CPU
		{EFEABFB8-0E2F-452F-883E-E9BACD8C0616}.Debug|Any CPU.ActiveCfg = Debug|Any CPU
		{EFEABFB8-0E2F-452F-883E-E9BACD8C0616}.Debug|Any CPU.Build.0 = Debug|Any CPU
		{EFEABFB8-0E2F-452F-883E-E9BACD8C0616}.Release|Any CPU.ActiveCfg = Release|Any CPU
		{EFEABFB8-0E2F-452F-883E-E9BACD8C0616}.Release|Any CPU.Build.0 = Release|Any CPU
		{52E07A20-1A60-49F4-A38E-100BC43B31C1}.Debug|Any CPU.ActiveCfg = Debug|Any CPU
		{52E07A20-1A60-49F4-A38E-100BC43B31C1}.Debug|Any CPU.Build.0 = Debug|Any CPU
		{52E07A20-1A60-49F4-A38E-100BC43B31C1}.Release|Any CPU.ActiveCfg = Release|Any CPU
		{52E07A20-1A60-49F4-A38E-100BC43B31C1}.Release|Any CPU.Build.0 = Release|Any CPU
		{9DB6ADD4-6AAC-47D8-A7B6-BA64743C9019}.Debug|Any CPU.ActiveCfg = Debug|Any CPU
		{9DB6ADD4-6AAC-47D8-A7B6-BA64743C9019}.Debug|Any CPU.Build.0 = Debug|Any CPU
		{9DB6ADD4-6AAC-47D8-A7B6-BA64743C9019}.Release|Any CPU.ActiveCfg = Release|Any CPU
		{9DB6ADD4-6AAC-47D8-A7B6-BA64743C9019}.Release|Any CPU.Build.0 = Release|Any CPU
		{06435262-4218-42E9-8C17-99D1464B864E}.Debug|Any CPU.ActiveCfg = Debug|Any CPU
		{06435262-4218-42E9-8C17-99D1464B864E}.Debug|Any CPU.Build.0 = Debug|Any CPU
		{06435262-4218-42E9-8C17-99D1464B864E}.Release|Any CPU.ActiveCfg = Release|Any CPU
		{06435262-4218-42E9-8C17-99D1464B864E}.Release|Any CPU.Build.0 = Release|Any CPU
		{4BAEBFF7-F9A6-48BF-945B-367906FAB165}.Debug|Any CPU.ActiveCfg = Debug|Any CPU
		{4BAEBFF7-F9A6-48BF-945B-367906FAB165}.Debug|Any CPU.Build.0 = Debug|Any CPU
		{4BAEBFF7-F9A6-48BF-945B-367906FAB165}.Release|Any CPU.ActiveCfg = Release|Any CPU
		{4BAEBFF7-F9A6-48BF-945B-367906FAB165}.Release|Any CPU.Build.0 = Release|Any CPU
	EndGlobalSection
	GlobalSection(SolutionProperties) = preSolution
		HideSolutionNode = FALSE
	EndGlobalSection
	GlobalSection(ExtensibilityGlobals) = postSolution
		SolutionGuid = {6D455C96-4B8C-4B2E-A691-A4159EE8974D}
	EndGlobalSection
EndGlobal
