
Microsoft Visual Studio Solution File, Format Version 12.00
# Visual Studio Version 16
VisualStudioVersion = 16.0.30907.101
MinimumVisualStudioVersion = 10.0.40219.1
Project("{9A19103F-16F7-4668-BE54-9A1E7A4F7556}") = "Day01", "Day01\Day01.csproj", "{D82B0BB8-0330-455F-AF32-E8A4552BA407}"
EndProject
Project("{9A19103F-16F7-4668-BE54-9A1E7A4F7556}") = "Day02", "Day02\Day02.csproj", "{A2CC090D-4D26-41D4-847C-956197E7C564}"
EndProject
Project("{2150E333-8FDC-42A3-9474-1A3956D46DE8}") = "Solution Items", "Solution Items", "{1E4018BD-380A-42E4-9C2E-C665C36DEA2C}"
	ProjectSection(SolutionItems) = preProject
		.gitattributes = .gitattributes
		.gitignore = .gitignore
		LICENSE.md = LICENSE.md
		README.md = README.md
	EndProjectSection
EndProject
Global
	GlobalSection(SolutionConfigurationPlatforms) = preSolution
		Debug|Any CPU = Debug|Any CPU
		Release|Any CPU = Release|Any CPU
	EndGlobalSection
	GlobalSection(ProjectConfigurationPlatforms) = postSolution
		{D82B0BB8-0330-455F-AF32-E8A4552BA407}.Debug|Any CPU.ActiveCfg = Debug|Any CPU
		{D82B0BB8-0330-455F-AF32-E8A4552BA407}.Debug|Any CPU.Build.0 = Debug|Any CPU
		{D82B0BB8-0330-455F-AF32-E8A4552BA407}.Release|Any CPU.ActiveCfg = Release|Any CPU
		{D82B0BB8-0330-455F-AF32-E8A4552BA407}.Release|Any CPU.Build.0 = Release|Any CPU
		{A2CC090D-4D26-41D4-847C-956197E7C564}.Debug|Any CPU.ActiveCfg = Debug|Any CPU
		{A2CC090D-4D26-41D4-847C-956197E7C564}.Debug|Any CPU.Build.0 = Debug|Any CPU
		{A2CC090D-4D26-41D4-847C-956197E7C564}.Release|Any CPU.ActiveCfg = Release|Any CPU
		{A2CC090D-4D26-41D4-847C-956197E7C564}.Release|Any CPU.Build.0 = Release|Any CPU
	EndGlobalSection
	GlobalSection(SolutionProperties) = preSolution
		HideSolutionNode = FALSE
	EndGlobalSection
	GlobalSection(ExtensibilityGlobals) = postSolution
		SolutionGuid = {6D455C96-4B8C-4B2E-A691-A4159EE8974D}
	EndGlobalSection
EndGlobal
